
Microsoft Visual Studio Solution File, Format Version 12.00
# Visual Studio Version 16
VisualStudioVersion = 16.0.31321.278
MinimumVisualStudioVersion = 10.0.40219.1
Project("{FAE04EC0-301F-11D3-BF4B-00C04F79EFBC}") = "WebAPI", "WebAPI\WebAPI.csproj", "{BBC870A9-7554-4078-91C7-7E220DE97052}"
EndProject
Project("{FAE04EC0-301F-11D3-BF4B-00C04F79EFBC}") = "DataLayer", "DataLayer\DataLayer.csproj", "{FA0411BA-9534-419C-84D1-D997D650C49F}"
EndProject
Project("{FAE04EC0-301F-11D3-BF4B-00C04F79EFBC}") = "BusinessLayer", "BusinessLayer\BusinessLayer.csproj", "{FE0749AD-9273-4FBF-AF62-8E6B807C3602}"
EndProject
Project("{FAE04EC0-301F-11D3-BF4B-00C04F79EFBC}") = "UnitTest", "UnitTest\UnitTest.csproj", "{84F267B5-9D2C-468A-BC5F-3EE3CD230D5C}"
EndProject
Project("{FAE04EC0-301F-11D3-BF4B-00C04F79EFBC}") = "PresentationMVC", "PresentationMVC\PresentationMVC.csproj", "{DFE6BCBA-3BA4-47AC-83BC-84AB7FE6AEE0}"
EndProject
Global
	GlobalSection(SolutionConfigurationPlatforms) = preSolution
		Debug|Any CPU = Debug|Any CPU
		Release|Any CPU = Release|Any CPU
	EndGlobalSection
	GlobalSection(ProjectConfigurationPlatforms) = postSolution
		{BBC870A9-7554-4078-91C7-7E220DE97052}.Debug|Any CPU.ActiveCfg = Debug|Any CPU
		{BBC870A9-7554-4078-91C7-7E220DE97052}.Debug|Any CPU.Build.0 = Debug|Any CPU
		{BBC870A9-7554-4078-91C7-7E220DE97052}.Release|Any CPU.ActiveCfg = Release|Any CPU
		{BBC870A9-7554-4078-91C7-7E220DE97052}.Release|Any CPU.Build.0 = Release|Any CPU
		{FA0411BA-9534-419C-84D1-D997D650C49F}.Debug|Any CPU.ActiveCfg = Debug|Any CPU
		{FA0411BA-9534-419C-84D1-D997D650C49F}.Debug|Any CPU.Build.0 = Debug|Any CPU
		{FA0411BA-9534-419C-84D1-D997D650C49F}.Release|Any CPU.ActiveCfg = Release|Any CPU
		{FA0411BA-9534-419C-84D1-D997D650C49F}.Release|Any CPU.Build.0 = Release|Any CPU
		{FE0749AD-9273-4FBF-AF62-8E6B807C3602}.Debug|Any CPU.ActiveCfg = Debug|Any CPU
		{FE0749AD-9273-4FBF-AF62-8E6B807C3602}.Debug|Any CPU.Build.0 = Debug|Any CPU
		{FE0749AD-9273-4FBF-AF62-8E6B807C3602}.Release|Any CPU.ActiveCfg = Release|Any CPU
		{FE0749AD-9273-4FBF-AF62-8E6B807C3602}.Release|Any CPU.Build.0 = Release|Any CPU
		{84F267B5-9D2C-468A-BC5F-3EE3CD230D5C}.Debug|Any CPU.ActiveCfg = Debug|Any CPU
		{84F267B5-9D2C-468A-BC5F-3EE3CD230D5C}.Debug|Any CPU.Build.0 = Debug|Any CPU
		{84F267B5-9D2C-468A-BC5F-3EE3CD230D5C}.Release|Any CPU.ActiveCfg = Release|Any CPU
		{84F267B5-9D2C-468A-BC5F-3EE3CD230D5C}.Release|Any CPU.Build.0 = Release|Any CPU
		{DFE6BCBA-3BA4-47AC-83BC-84AB7FE6AEE0}.Debug|Any CPU.ActiveCfg = Debug|Any CPU
		{DFE6BCBA-3BA4-47AC-83BC-84AB7FE6AEE0}.Debug|Any CPU.Build.0 = Debug|Any CPU
		{DFE6BCBA-3BA4-47AC-83BC-84AB7FE6AEE0}.Release|Any CPU.ActiveCfg = Release|Any CPU
		{DFE6BCBA-3BA4-47AC-83BC-84AB7FE6AEE0}.Release|Any CPU.Build.0 = Release|Any CPU
	EndGlobalSection
	GlobalSection(SolutionProperties) = preSolution
		HideSolutionNode = FALSE
	EndGlobalSection
	GlobalSection(ExtensibilityGlobals) = postSolution
		SolutionGuid = {56FFC951-419D-44BD-A383-CFB566199E16}
	EndGlobalSection
EndGlobal
